
Microsoft Visual Studio Solution File, Format Version 12.00
# Visual Studio Version 16
VisualStudioVersion = 16.0.30320.27
MinimumVisualStudioVersion = 10.0.40219.1
Project("{FAE04EC0-301F-11D3-BF4B-00C04F79EFBC}") = "AssignmentFour", "AssignmentFour\AssignmentFour.csproj", "{95C882A9-A853-4C62-B245-A3F652ABA256}"
EndProject
Global
	GlobalSection(SolutionConfigurationPlatforms) = preSolution
		Debug|Any CPU = Debug|Any CPU
		Release|Any CPU = Release|Any CPU
	EndGlobalSection
	GlobalSection(ProjectConfigurationPlatforms) = postSolution
		{95C882A9-A853-4C62-B245-A3F652ABA256}.Debug|Any CPU.ActiveCfg = Debug|Any CPU
		{95C882A9-A853-4C62-B245-A3F652ABA256}.Debug|Any CPU.Build.0 = Debug|Any CPU
		{95C882A9-A853-4C62-B245-A3F652ABA256}.Release|Any CPU.ActiveCfg = Release|Any CPU
		{95C882A9-A853-4C62-B245-A3F652ABA256}.Release|Any CPU.Build.0 = Release|Any CPU
	EndGlobalSection
	GlobalSection(SolutionProperties) = preSolution
		HideSolutionNode = FALSE
	EndGlobalSection
	GlobalSection(ExtensibilityGlobals) = postSolution
		SolutionGuid = {83E7955D-678E-4A28-8549-14417359C472}
	EndGlobalSection
EndGlobal
